
Microsoft Visual Studio Solution File, Format Version 12.00
# Visual Studio Version 16
VisualStudioVersion = 16.0.31613.86
MinimumVisualStudioVersion = 10.0.40219.1
Project("{FAE04EC0-301F-11D3-BF4B-00C04F79EFBC}") = "SF_ConsoleAppMod3", "SF_ConsoleAppMod3\SF_ConsoleAppMod3.csproj", "{8A22A136-EE91-4A30-8C59-58E2D27BF13E}"
EndProject
Global
	GlobalSection(SolutionConfigurationPlatforms) = preSolution
		Debug|Any CPU = Debug|Any CPU
		Release|Any CPU = Release|Any CPU
	EndGlobalSection
	GlobalSection(ProjectConfigurationPlatforms) = postSolution
		{8A22A136-EE91-4A30-8C59-58E2D27BF13E}.Debug|Any CPU.ActiveCfg = Debug|Any CPU
		{8A22A136-EE91-4A30-8C59-58E2D27BF13E}.Debug|Any CPU.Build.0 = Debug|Any CPU
		{8A22A136-EE91-4A30-8C59-58E2D27BF13E}.Release|Any CPU.ActiveCfg = Release|Any CPU
		{8A22A136-EE91-4A30-8C59-58E2D27BF13E}.Release|Any CPU.Build.0 = Release|Any CPU
	EndGlobalSection
	GlobalSection(SolutionProperties) = preSolution
		HideSolutionNode = FALSE
	EndGlobalSection
	GlobalSection(ExtensibilityGlobals) = postSolution
		SolutionGuid = {81730435-FB76-481D-AC62-6F3C832ED45C}
	EndGlobalSection
EndGlobal
